
Microsoft Visual Studio Solution File, Format Version 12.00
# Visual Studio Version 16
VisualStudioVersion = 16.0.31702.278
MinimumVisualStudioVersion = 10.0.40219.1
Project("{9A19103F-16F7-4668-BE54-9A1E7A4F7556}") = "WebCrawl.ConsoleApplication", "WebCrawl\WebCrawl.ConsoleApplication.csproj", "{270B57A2-5425-4285-B166-E9BFDA216CA8}"
EndProject
Project("{9A19103F-16F7-4668-BE54-9A1E7A4F7556}") = "WebCrawl.Logic", "WebCrawler\WebCrawl.Logic.csproj", "{C29E4900-2E17-462D-B25B-72336B4A59F2}"
EndProject
Project("{9A19103F-16F7-4668-BE54-9A1E7A4F7556}") = "WebCrawl.Tests", "WebCrawl.Tests\WebCrawl.Tests.csproj", "{6F5E8C4E-442F-43D1-BDF4-43B644A7676B}"
EndProject
Project("{9A19103F-16F7-4668-BE54-9A1E7A4F7556}") = "WebCrawl.Entity", "Webcrawl.Entity\WebCrawl.Entity.csproj", "{CC4C6560-2A32-466F-935A-D76F4DC98315}"
EndProject
Global
	GlobalSection(SolutionConfigurationPlatforms) = preSolution
		Debug|Any CPU = Debug|Any CPU
		Release|Any CPU = Release|Any CPU
	EndGlobalSection
	GlobalSection(ProjectConfigurationPlatforms) = postSolution
		{270B57A2-5425-4285-B166-E9BFDA216CA8}.Debug|Any CPU.ActiveCfg = Debug|Any CPU
		{270B57A2-5425-4285-B166-E9BFDA216CA8}.Debug|Any CPU.Build.0 = Debug|Any CPU
		{270B57A2-5425-4285-B166-E9BFDA216CA8}.Release|Any CPU.ActiveCfg = Release|Any CPU
		{270B57A2-5425-4285-B166-E9BFDA216CA8}.Release|Any CPU.Build.0 = Release|Any CPU
		{C29E4900-2E17-462D-B25B-72336B4A59F2}.Debug|Any CPU.ActiveCfg = Debug|Any CPU
		{C29E4900-2E17-462D-B25B-72336B4A59F2}.Debug|Any CPU.Build.0 = Debug|Any CPU
		{C29E4900-2E17-462D-B25B-72336B4A59F2}.Release|Any CPU.ActiveCfg = Release|Any CPU
		{C29E4900-2E17-462D-B25B-72336B4A59F2}.Release|Any CPU.Build.0 = Release|Any CPU
		{6F5E8C4E-442F-43D1-BDF4-43B644A7676B}.Debug|Any CPU.ActiveCfg = Debug|Any CPU
		{6F5E8C4E-442F-43D1-BDF4-43B644A7676B}.Debug|Any CPU.Build.0 = Debug|Any CPU
		{6F5E8C4E-442F-43D1-BDF4-43B644A7676B}.Release|Any CPU.ActiveCfg = Release|Any CPU
		{6F5E8C4E-442F-43D1-BDF4-43B644A7676B}.Release|Any CPU.Build.0 = Release|Any CPU
		{CC4C6560-2A32-466F-935A-D76F4DC98315}.Debug|Any CPU.ActiveCfg = Debug|Any CPU
		{CC4C6560-2A32-466F-935A-D76F4DC98315}.Debug|Any CPU.Build.0 = Debug|Any CPU
		{CC4C6560-2A32-466F-935A-D76F4DC98315}.Release|Any CPU.ActiveCfg = Release|Any CPU
		{CC4C6560-2A32-466F-935A-D76F4DC98315}.Release|Any CPU.Build.0 = Release|Any CPU
	EndGlobalSection
	GlobalSection(SolutionProperties) = preSolution
		HideSolutionNode = FALSE
	EndGlobalSection
	GlobalSection(ExtensibilityGlobals) = postSolution
		SolutionGuid = {EA08BA58-F4A3-4075-88D3-F33F94C3803F}
	EndGlobalSection
EndGlobal
